{
  "version": 4,
  "terraform_version": "1.9.8",
  "serial": 23,
  "lineage": "a2089c89-0902-4b06-b337-96d0d89a524d",
  "outputs": {
    "aro_kubeadmin_password": {
      "value": "",
      "type": "string",
      "sensitive": true
    },
    "aro_kubeconfig_path": {
      "value": "/tmp/kubeconfig-aro.yaml",
      "type": "string"
    },
    "osd_kubeconfig_path": {
      "value": "/tmp/kubeconfig-osd.yaml",
      "type": "string"
    }
  },
  "resources": [
    {
      "module": "module.aro",
      "mode": "data",
      "type": "azurerm_client_config",
      "name": "current",
      "provider": "provider[\"registry.terraform.io/hashicorp/azurerm\"]",
      "instances": [
        {
          "schema_version": 0,
          "attributes": {
            "client_id": "04b07795-8ddb-461a-bbee-02f9e1bf7b46",
            "id": "Y2xpZW50Q29uZmlncy9jbGllbnRJZD0wNGIwNzc5NS04ZGRiLTQ2MWEtYmJlZS0wMmY5ZTFiZjdiNDY7b2JqZWN0SWQ9ZWM5ZDk1NjMtN2ViNy00MWM0LThlYTYtMWNhZmYzZWQyYjFiO3N1YnNjcmlwdGlvbklkPWI1NzIyOGVmLTIyMWUtNGZiZC1iOGM5LTcxZjk1Y2NmNTQ3MTt0ZW5hbnRJZD02NGRjNjllNC1kMDgzLTQ5ZmMtOTU2OS1lYmVjZTFkZDE0MDg=",
            "object_id": "ec9d9563-7eb7-41c4-8ea6-1caff3ed2b1b",
            "subscription_id": "b57228ef-221e-4fbd-b8c9-71f95ccf5471",
            "tenant_id": "64dc69e4-d083-49fc-9569-ebece1dd1408",
            "timeouts": null
          },
          "sensitive_attributes": []
        }
      ]
    },
    {
      "module": "module.aro",
      "mode": "data",
      "type": "azurerm_resource_group",
      "name": "aro",
      "provider": "provider[\"registry.terraform.io/hashicorp/azurerm\"]",
      "instances": [
        {
          "schema_version": 0,
          "attributes": {
            "id": "/subscriptions/b57228ef-221e-4fbd-b8c9-71f95ccf5471/resourceGroups/openenv-mw82x",
            "location": "eastus",
            "managed_by": "",
            "name": "openenv-mw82x",
            "tags": {
              "cost-center": "542",
              "guid": "mw82x"
            },
            "timeouts": null
          },
          "sensitive_attributes": []
        }
      ]
    },
    {
      "module": "module.aro",
      "mode": "managed",
      "type": "azurerm_subnet",
      "name": "master",
      "provider": "provider[\"registry.terraform.io/hashicorp/azurerm\"]",
      "instances": [
        {
          "schema_version": 0,
          "attributes": {
            "address_prefixes": [
              "10.0.0.0/23"
            ],
            "default_outbound_access_enabled": true,
            "delegation": [],
            "id": "/subscriptions/b57228ef-221e-4fbd-b8c9-71f95ccf5471/resourceGroups/openenv-mw82x/providers/Microsoft.Network/virtualNetworks/aro-east-vnet/subnets/aro-east-master",
            "ip_address_pool": [],
            "name": "aro-east-master",
            "private_endpoint_network_policies": "Disabled",
            "private_link_service_network_policies_enabled": true,
            "resource_group_name": "openenv-mw82x",
            "service_endpoint_policy_ids": [],
            "service_endpoints": [
              "Microsoft.ContainerRegistry"
            ],
            "sharing_scope": "",
            "timeouts": null,
            "virtual_network_name": "aro-east-vnet"
          },
          "sensitive_attributes": [],
          "private": "eyJlMmJmYjczMC1lY2FhLTExZTYtOGY4OC0zNDM2M2JjN2M0YzAiOnsiY3JlYXRlIjoxODAwMDAwMDAwMDAwLCJkZWxldGUiOjE4MDAwMDAwMDAwMDAsInJlYWQiOjMwMDAwMDAwMDAwMCwidXBkYXRlIjoxODAwMDAwMDAwMDAwfX0=",
          "dependencies": [
            "module.aro.azurerm_virtual_network.aro",
            "module.aro.data.azurerm_resource_group.aro"
          ]
        }
      ]
    },
    {
      "module": "module.aro",
      "mode": "managed",
      "type": "azurerm_subnet",
      "name": "worker",
      "provider": "provider[\"registry.terraform.io/hashicorp/azurerm\"]",
      "instances": [
        {
          "schema_version": 0,
          "attributes": {
            "address_prefixes": [
              "10.0.2.0/23"
            ],
            "default_outbound_access_enabled": true,
            "delegation": [],
            "id": "/subscriptions/b57228ef-221e-4fbd-b8c9-71f95ccf5471/resourceGroups/openenv-mw82x/providers/Microsoft.Network/virtualNetworks/aro-east-vnet/subnets/aro-east-worker",
            "ip_address_pool": [],
            "name": "aro-east-worker",
            "private_endpoint_network_policies": "Disabled",
            "private_link_service_network_policies_enabled": true,
            "resource_group_name": "openenv-mw82x",
            "service_endpoint_policy_ids": [],
            "service_endpoints": [
              "Microsoft.ContainerRegistry"
            ],
            "sharing_scope": "",
            "timeouts": null,
            "virtual_network_name": "aro-east-vnet"
          },
          "sensitive_attributes": [],
          "private": "eyJlMmJmYjczMC1lY2FhLTExZTYtOGY4OC0zNDM2M2JjN2M0YzAiOnsiY3JlYXRlIjoxODAwMDAwMDAwMDAwLCJkZWxldGUiOjE4MDAwMDAwMDAwMDAsInJlYWQiOjMwMDAwMDAwMDAwMCwidXBkYXRlIjoxODAwMDAwMDAwMDAwfX0=",
          "dependencies": [
            "module.aro.azurerm_virtual_network.aro",
            "module.aro.data.azurerm_resource_group.aro"
          ]
        }
      ]
    },
    {
      "module": "module.aro",
      "mode": "managed",
      "type": "azurerm_virtual_network",
      "name": "aro",
      "provider": "provider[\"registry.terraform.io/hashicorp/azurerm\"]",
      "instances": [
        {
          "schema_version": 0,
          "attributes": {
            "address_space": [
              "10.0.0.0/22"
            ],
            "bgp_community": "",
            "ddos_protection_plan": [],
            "dns_servers": [],
            "edge_zone": "",
            "encryption": [],
            "flow_timeout_in_minutes": 0,
            "guid": "e853224e-1463-4927-b5c1-c4198d0571e2",
            "id": "/subscriptions/b57228ef-221e-4fbd-b8c9-71f95ccf5471/resourceGroups/openenv-mw82x/providers/Microsoft.Network/virtualNetworks/aro-east-vnet",
            "ip_address_pool": [],
            "location": "eastus",
            "name": "aro-east-vnet",
            "private_endpoint_vnet_policies": "Disabled",
            "resource_group_name": "openenv-mw82x",
            "subnet": [
              {
                "address_prefixes": [
                  "10.0.0.0/23"
                ],
                "default_outbound_access_enabled": true,
                "delegation": [],
                "id": "/subscriptions/b57228ef-221e-4fbd-b8c9-71f95ccf5471/resourceGroups/openenv-mw82x/providers/Microsoft.Network/virtualNetworks/aro-east-vnet/subnets/aro-east-master",
                "name": "aro-east-master",
                "private_endpoint_network_policies": "Disabled",
                "private_link_service_network_policies_enabled": true,
                "route_table_id": "",
                "security_group": "",
                "service_endpoint_policy_ids": [],
                "service_endpoints": [
                  "Microsoft.ContainerRegistry"
                ]
              },
              {
                "address_prefixes": [
                  "10.0.2.0/23"
                ],
                "default_outbound_access_enabled": true,
                "delegation": [],
                "id": "/subscriptions/b57228ef-221e-4fbd-b8c9-71f95ccf5471/resourceGroups/openenv-mw82x/providers/Microsoft.Network/virtualNetworks/aro-east-vnet/subnets/aro-east-worker",
                "name": "aro-east-worker",
                "private_endpoint_network_policies": "Disabled",
                "private_link_service_network_policies_enabled": true,
                "route_table_id": "",
                "security_group": "",
                "service_endpoint_policy_ids": [],
                "service_endpoints": [
                  "Microsoft.ContainerRegistry"
                ]
              }
            ],
            "tags": {
              "cost-center": "542",
              "environment": "demo",
              "managed-by": "terraform",
              "project": "hybrid-cloud-demo"
            },
            "timeouts": null
          },
          "sensitive_attributes": [],
          "private": "eyJlMmJmYjczMC1lY2FhLTExZTYtOGY4OC0zNDM2M2JjN2M0YzAiOnsiY3JlYXRlIjoxODAwMDAwMDAwMDAwLCJkZWxldGUiOjE4MDAwMDAwMDAwMDAsInJlYWQiOjMwMDAwMDAwMDAwMCwidXBkYXRlIjoxODAwMDAwMDAwMDAwfX0=",
          "dependencies": [
            "module.aro.data.azurerm_resource_group.aro"
          ]
        }
      ]
    },
    {
      "module": "module.aro",
      "mode": "managed",
      "type": "null_resource",
      "name": "register_providers",
      "provider": "provider[\"registry.terraform.io/hashicorp/null\"]",
      "instances": [
        {
          "schema_version": 0,
          "attributes": {
            "id": "7772140896495203585",
            "triggers": null
          },
          "sensitive_attributes": []
        }
      ]
    },
    {
      "module": "module.osd",
      "mode": "managed",
      "type": "google_project_iam_member",
      "name": "osd_owner",
      "provider": "provider[\"registry.terraform.io/hashicorp/google\"]",
      "instances": [
        {
          "schema_version": 0,
          "attributes": {
            "condition": [],
            "etag": "BwZNHQLjGks=",
            "id": "openenv-zk98r/roles/owner/serviceAccount:osd-ccs-admin@openenv-zk98r.iam.gserviceaccount.com",
            "member": "serviceAccount:osd-ccs-admin@openenv-zk98r.iam.gserviceaccount.com",
            "project": "openenv-zk98r",
            "role": "roles/owner"
          },
          "sensitive_attributes": [],
          "private": "bnVsbA==",
          "dependencies": [
            "module.osd.google_service_account.osd_ccs_admin"
          ]
        }
      ]
    },
    {
      "module": "module.osd",
      "mode": "managed",
      "type": "google_project_iam_member",
      "name": "osd_service_account_admin",
      "provider": "provider[\"registry.terraform.io/hashicorp/google\"]",
      "instances": [
        {
          "schema_version": 0,
          "attributes": {
            "condition": [],
            "etag": "BwZNHQLjGks=",
            "id": "openenv-zk98r/roles/iam.serviceAccountAdmin/serviceAccount:osd-ccs-admin@openenv-zk98r.iam.gserviceaccount.com",
            "member": "serviceAccount:osd-ccs-admin@openenv-zk98r.iam.gserviceaccount.com",
            "project": "openenv-zk98r",
            "role": "roles/iam.serviceAccountAdmin"
          },
          "sensitive_attributes": [],
          "private": "bnVsbA==",
          "dependencies": [
            "module.osd.google_service_account.osd_ccs_admin"
          ]
        }
      ]
    },
    {
      "module": "module.osd",
      "mode": "managed",
      "type": "google_project_iam_member",
      "name": "osd_service_account_key_admin",
      "provider": "provider[\"registry.terraform.io/hashicorp/google\"]",
      "instances": [
        {
          "schema_version": 0,
          "attributes": {
            "condition": [],
            "etag": "BwZNHQLjGks=",
            "id": "openenv-zk98r/roles/iam.serviceAccountKeyAdmin/serviceAccount:osd-ccs-admin@openenv-zk98r.iam.gserviceaccount.com",
            "member": "serviceAccount:osd-ccs-admin@openenv-zk98r.iam.gserviceaccount.com",
            "project": "openenv-zk98r",
            "role": "roles/iam.serviceAccountKeyAdmin"
          },
          "sensitive_attributes": [],
          "private": "bnVsbA==",
          "dependencies": [
            "module.osd.google_service_account.osd_ccs_admin"
          ]
        }
      ]
    },
    {
      "module": "module.osd",
      "mode": "managed",
      "type": "google_project_iam_member",
      "name": "osd_service_account_user",
      "provider": "provider[\"registry.terraform.io/hashicorp/google\"]",
      "instances": [
        {
          "schema_version": 0,
          "attributes": {
            "condition": [],
            "etag": "BwZNHQNaTX4=",
            "id": "openenv-zk98r/roles/iam.serviceAccountUser/serviceAccount:osd-ccs-admin@openenv-zk98r.iam.gserviceaccount.com",
            "member": "serviceAccount:osd-ccs-admin@openenv-zk98r.iam.gserviceaccount.com",
            "project": "openenv-zk98r",
            "role": "roles/iam.serviceAccountUser"
          },
          "sensitive_attributes": [],
          "private": "bnVsbA==",
          "dependencies": [
            "module.osd.google_service_account.osd_ccs_admin"
          ]
        }
      ]
    },
    {
      "module": "module.osd",
      "mode": "managed",
      "type": "google_project_service",
      "name": "osd_apis",
      "provider": "provider[\"registry.terraform.io/hashicorp/google\"]",
      "instances": [
        {
          "index_key": "cloudapis.googleapis.com",
          "schema_version": 0,
          "attributes": {
            "disable_dependent_services": null,
            "disable_on_destroy": false,
            "id": "openenv-zk98r/cloudapis.googleapis.com",
            "project": "openenv-zk98r",
            "service": "cloudapis.googleapis.com",
            "timeouts": null
          },
          "sensitive_attributes": [],
          "private": "eyJlMmJmYjczMC1lY2FhLTExZTYtOGY4OC0zNDM2M2JjN2M0YzAiOnsiY3JlYXRlIjoxMjAwMDAwMDAwMDAwLCJkZWxldGUiOjEyMDAwMDAwMDAwMDAsInJlYWQiOjYwMDAwMDAwMDAwMCwidXBkYXRlIjoxMjAwMDAwMDAwMDAwfX0="
        },
        {
          "index_key": "iap.googleapis.com",
          "schema_version": 0,
          "attributes": {
            "disable_dependent_services": null,
            "disable_on_destroy": false,
            "id": "openenv-zk98r/iap.googleapis.com",
            "project": "openenv-zk98r",
            "service": "iap.googleapis.com",
            "timeouts": null
          },
          "sensitive_attributes": [],
          "private": "eyJlMmJmYjczMC1lY2FhLTExZTYtOGY4OC0zNDM2M2JjN2M0YzAiOnsiY3JlYXRlIjoxMjAwMDAwMDAwMDAwLCJkZWxldGUiOjEyMDAwMDAwMDAwMDAsInJlYWQiOjYwMDAwMDAwMDAwMCwidXBkYXRlIjoxMjAwMDAwMDAwMDAwfX0="
        },
        {
          "index_key": "networksecurity.googleapis.com",
          "schema_version": 0,
          "attributes": {
            "disable_dependent_services": null,
            "disable_on_destroy": false,
            "id": "openenv-zk98r/networksecurity.googleapis.com",
            "project": "openenv-zk98r",
            "service": "networksecurity.googleapis.com",
            "timeouts": null
          },
          "sensitive_attributes": [],
          "private": "eyJlMmJmYjczMC1lY2FhLTExZTYtOGY4OC0zNDM2M2JjN2M0YzAiOnsiY3JlYXRlIjoxMjAwMDAwMDAwMDAwLCJkZWxldGUiOjEyMDAwMDAwMDAwMDAsInJlYWQiOjYwMDAwMDAwMDAwMCwidXBkYXRlIjoxMjAwMDAwMDAwMDAwfX0="
        },
        {
          "index_key": "orgpolicy.googleapis.com",
          "schema_version": 0,
          "attributes": {
            "disable_dependent_services": null,
            "disable_on_destroy": false,
            "id": "openenv-zk98r/orgpolicy.googleapis.com",
            "project": "openenv-zk98r",
            "service": "orgpolicy.googleapis.com",
            "timeouts": null
          },
          "sensitive_attributes": [],
          "private": "eyJlMmJmYjczMC1lY2FhLTExZTYtOGY4OC0zNDM2M2JjN2M0YzAiOnsiY3JlYXRlIjoxMjAwMDAwMDAwMDAwLCJkZWxldGUiOjEyMDAwMDAwMDAwMDAsInJlYWQiOjYwMDAwMDAwMDAwMCwidXBkYXRlIjoxMjAwMDAwMDAwMDAwfX0="
        },
        {
          "index_key": "storage-api.googleapis.com",
          "schema_version": 0,
          "attributes": {
            "disable_dependent_services": null,
            "disable_on_destroy": false,
            "id": "openenv-zk98r/storage-api.googleapis.com",
            "project": "openenv-zk98r",
            "service": "storage-api.googleapis.com",
            "timeouts": null
          },
          "sensitive_attributes": [],
          "private": "eyJlMmJmYjczMC1lY2FhLTExZTYtOGY4OC0zNDM2M2JjN2M0YzAiOnsiY3JlYXRlIjoxMjAwMDAwMDAwMDAwLCJkZWxldGUiOjEyMDAwMDAwMDAwMDAsInJlYWQiOjYwMDAwMDAwMDAwMCwidXBkYXRlIjoxMjAwMDAwMDAwMDAwfX0="
        },
        {
          "index_key": "storage-component.googleapis.com",
          "schema_version": 0,
          "attributes": {
            "disable_dependent_services": null,
            "disable_on_destroy": false,
            "id": "openenv-zk98r/storage-component.googleapis.com",
            "project": "openenv-zk98r",
            "service": "storage-component.googleapis.com",
            "timeouts": null
          },
          "sensitive_attributes": [],
          "private": "eyJlMmJmYjczMC1lY2FhLTExZTYtOGY4OC0zNDM2M2JjN2M0YzAiOnsiY3JlYXRlIjoxMjAwMDAwMDAwMDAwLCJkZWxldGUiOjEyMDAwMDAwMDAwMDAsInJlYWQiOjYwMDAwMDAwMDAwMCwidXBkYXRlIjoxMjAwMDAwMDAwMDAwfX0="
        }
      ]
    },
    {
      "module": "module.osd",
      "mode": "managed",
      "type": "google_service_account",
      "name": "osd_ccs_admin",
      "provider": "provider[\"registry.terraform.io/hashicorp/google\"]",
      "instances": [
        {
          "schema_version": 0,
          "attributes": {
            "account_id": "osd-ccs-admin",
            "create_ignore_already_exists": null,
            "description": "",
            "disabled": false,
            "display_name": "OSD CCS Admin",
            "email": "osd-ccs-admin@openenv-zk98r.iam.gserviceaccount.com",
            "id": "projects/openenv-zk98r/serviceAccounts/osd-ccs-admin@openenv-zk98r.iam.gserviceaccount.com",
            "member": "serviceAccount:osd-ccs-admin@openenv-zk98r.iam.gserviceaccount.com",
            "name": "projects/openenv-zk98r/serviceAccounts/osd-ccs-admin@openenv-zk98r.iam.gserviceaccount.com",
            "project": "openenv-zk98r",
            "timeouts": null,
            "unique_id": "101325914653765566046"
          },
          "sensitive_attributes": [],
          "private": "eyJlMmJmYjczMC1lY2FhLTExZTYtOGY4OC0zNDM2M2JjN2M0YzAiOnsiY3JlYXRlIjozMDAwMDAwMDAwMDB9fQ=="
        }
      ]
    },
    {
      "module": "module.osd",
      "mode": "managed",
      "type": "google_service_account_key",
      "name": "osd_ccs_admin",
      "provider": "provider[\"registry.terraform.io/hashicorp/google\"]",
      "instances": [
        {
          "schema_version": 0,
          "attributes": {
            "id": "projects/openenv-zk98r/serviceAccounts/osd-ccs-admin@openenv-zk98r.iam.gserviceaccount.com/keys/faca126247be4a3150646417f5d3fec5daca2bce",
            "keepers": null,
            "key_algorithm": "KEY_ALG_RSA_2048",
            "name": "projects/openenv-zk98r/serviceAccounts/osd-ccs-admin@openenv-zk98r.iam.gserviceaccount.com/keys/faca126247be4a3150646417f5d3fec5daca2bce",
            "private_key": "ewogICJ0eXBlIjogInNlcnZpY2VfYWNjb3VudCIsCiAgInByb2plY3RfaWQiOiAib3BlbmVudi16azk4ciIsCiAgInByaXZhdGVfa2V5X2lkIjogImZhY2ExMjYyNDdiZTRhMzE1MDY0NjQxN2Y1ZDNmZWM1ZGFjYTJiY2UiLAogICJwcml2YXRlX2tleSI6ICItLS0tLUJFR0lOIFBSSVZBVEUgS0VZLS0tLS1cbk1JSUV2Z0lCQURBTkJna3Foa2lHOXcwQkFRRUZBQVNDQktnd2dnU2tBZ0VBQW9JQkFRRFpqZE8xWTRnSVA0R3FcblFkWDZEalEzV0p0eCtoWUg2N3gvRExvcFptcVBvYkw1b1lHam5ib2tlZGM2U0JyVzQzSXhDVzJEUmVRYk5Vay9cbnpnSUp1TVFONmwxNmJvY1J2ekdkZTVlWlNEYXRtUUErTCtxbzRZSVpXSmNnbFppOFdRWXZZRExTcDdJeHN6R3BcbjRQTnk2UGpxNmNSYmtIS2JRMGFSMWs1SFBMTkR2aHQ1dnpyZzMvZzBEYXQyQytFeC9iZE5FNVc2bGx4TGhOZWlcbk5QdTNpY01sQ0UxMjB5dEpiRHI1YW1uVWtLMGZhOXhYbG83S2o2bU1oUHVSK3AvZllNR1VjSWNCQkkrNGQ0cDFcbjhvSFhkbTdUbFQzL1djVnNjY3dlaVJpcVNiWTFvT1d2bVpJMFFqeVRyZHFOcXN4MlFza0IrTGJxK3NML1JsbVlcbjlFM1FMNmh4QWdNQkFBRUNnZ0VBUjdsZEIydkJrT3FURHJVMjNRSnF6NlpzVlRiY3BZN2dMY2pkNVVGSk40SlpcbmRiaDcrNXZJSHpkMk1GWk9Wdk5VbGZza09rZkVEUDVUNEcvRU56MU5rY0xuUDdLSjRGMTI5NU1rSjFwcUFIQzFcblprczQ0Nlc1VlM3aVlGRkJzakx0ZVpnUEdXbEZNK0orcUtHcjBZSWljcHhRYXRta0Z6RW1ablZQaUdmb09CZ3NcbnVwOVRGTzhaaGY0TGR5N2s1SzVzMlFWSmtLekdqZ2g5UEM5d2tjYVNQRmNZSzFjZituR0N5OXNGdWNNSjYwWUtcbkRZbVhWcTZpQzFYM0cwNE1Fc0l5ZFlkMXc1a0pIejNOcFhZNy9hcTgxTlBSTDg0eVB6Y0d5SEtMZytmb24rcXpcbkpla2VuM2RGWWttUy95WWVEb2EzQ1ptVUphREpTdDMxTkNDODQ2c0RLd0tCZ1FENFBIalAydCtFd1VtYmhjTlJcbnlIZ05FU3J5K2NOWE1UaDVmK0djSm16aVdIUUZNOFlPOTVSNE9rNk5TcVFBUDc1Q1FkODFGVkRvSEthQ2lzSXdcblQvbm5UOVlwdTJSbjZweWkyNCtjM0lhd2c2Rkg4dFcxQVE5RmFDc3VBeE1Mdm5zZWI2NDh0MzFVSENKZkZMVDFcbjNpWEJNS1oxMFBzTytOWFp5WEpQY1hPVU53S0JnUURnVzdIbHVpY2VUS3c5NVRtSG5Ya2NndW4yTlFLdTBGMU9cbnZiaEZNaWl5VjlLQ1pYU0V5UVRZdHY2eUtubytEWkt0d0lnQURnQkEwdjlqVXlxSWc5UW1oVmZObVZZTU90a3Vcbm5sblpUZzR4aXNRZm5mMlMyTEdrcHo2Ym96V3dJd3RxUk5uVmFBa3lqRFZ4VDFrSG1OVTZxckhMdy9talNhSlFcbmhlYW9EbkNrbHdLQmdHNHdVYVJhVUt1YUxQVlhIQXRhaEVld25qTDZ3VVliK0NpZXBtUHMvcG8rajBtYjRNZldcbkNGYVI4enB1cm52Wno3ZVRpK1FCVVVlbktCWjhSNVN3ZTRxOCtxRE5xTlVqNUdHNk9uWnp3V25yRkJWZTZwUU5cbkkxMDR6eW4rZlY3U0w4NmozbURmUmtlbXNXOHBQdWFBdEp1YjM5Z2Vhc01MbThtdnpRa01vRFJqQW9HQkFKL2tcbmVXb1JPcU83WE4xWHFhSmV0ZHQ5NlNOUU1ETkp4OVhBRzcwa3ZDQXR1cGEzbTB5dXZrZDhVeFBDZGhBWE9EdWdcbkJNeVZMZFVGQ29GTTJma2tpbU5Sa0h1MEZjRHRoNjVUcUJEWU1nRll0ZUVhaFliTDYvNCtPcjVNbUl5SXpTL1ZcbkZiR2pUVHE2OWJObEt6dmd6Y1hidEk1VmdtbStwbkRnbkx1VVh1N05Bb0dCQUtQV2ZkeDZIb2c1ZGRrRkkyV0NcbnpZZ0ladFcxWXRzT25qdkpiNUx5YWRuZHBLa1g1WFNNQmQ2UlZPSjlZQnNVNXlWVUZJR0d5WmhESjluNHRCbG9cbnRGNmxoTmNzbldBTjZYbURjSmt6a1ZrU0pIS21CZldhRVdsdmRXQTVwaHZxVm01cDQ0UVBjNmxqb1c0bUtKN1hcbkI4N3JkSk1KU0Q2NFRhUFRlbDIwcEVuMVxuLS0tLS1FTkQgUFJJVkFURSBLRVktLS0tLVxuIiwKICAiY2xpZW50X2VtYWlsIjogIm9zZC1jY3MtYWRtaW5Ab3BlbmVudi16azk4ci5pYW0uZ3NlcnZpY2VhY2NvdW50LmNvbSIsCiAgImNsaWVudF9pZCI6ICIxMDEzMjU5MTQ2NTM3NjU1NjYwNDYiLAogICJhdXRoX3VyaSI6ICJodHRwczovL2FjY291bnRzLmdvb2dsZS5jb20vby9vYXV0aDIvYXV0aCIsCiAgInRva2VuX3VyaSI6ICJodHRwczovL29hdXRoMi5nb29nbGVhcGlzLmNvbS90b2tlbiIsCiAgImF1dGhfcHJvdmlkZXJfeDUwOV9jZXJ0X3VybCI6ICJodHRwczovL3d3dy5nb29nbGVhcGlzLmNvbS9vYXV0aDIvdjEvY2VydHMiLAogICJjbGllbnRfeDUwOV9jZXJ0X3VybCI6ICJodHRwczovL3d3dy5nb29nbGVhcGlzLmNvbS9yb2JvdC92MS9tZXRhZGF0YS94NTA5L29zZC1jY3MtYWRtaW4lNDBvcGVuZW52LXprOThyLmlhbS5nc2VydmljZWFjY291bnQuY29tIiwKICAidW5pdmVyc2VfZG9tYWluIjogImdvb2dsZWFwaXMuY29tIgp9Cg==",
            "private_key_type": "TYPE_GOOGLE_CREDENTIALS_FILE",
            "public_key": "LS0tLS1CRUdJTiBDRVJUSUZJQ0FURS0tLS0tCk1JSUMvVENDQWVXZ0F3SUJBZ0lKQUx6MXlUSC9NUTNyTUEwR0NTcUdTSWIzRFFFQkJRVUFNQ0F4SGpBY0JnTlYKQkFNTUZURXdNVE15TlRreE5EWTFNemMyTlRVMk5qQTBOakFnRncweU5qQXpNVFl3TkRVME1UZGFHQTg1T1RrNQpNVEl6TVRJek5UazFPVm93SURFZU1Cd0dBMVVFQXd3Vk1UQXhNekkxT1RFME5qVXpOelkxTlRZMk1EUTJNSUlCCklqQU5CZ2txaGtpRzl3MEJBUUVGQUFPQ0FROEFNSUlCQ2dLQ0FRRUEyWTNUdFdPSUNEK0Jxa0hWK2c0ME4xaWIKY2ZvV0IrdThmd3k2S1dacWo2R3krYUdCbzUyNkpIblhPa2dhMXVOeU1RbHRnMFhrR3pWSlA4NENDYmpFRGVwZAplbTZIRWI4eG5YdVhtVWcyclprQVBpL3FxT0dDR1ZpWElKV1l2RmtHTDJBeTBxZXlNYk14cWVEemN1ajQ2dW5FClc1QnltME5Ha2RaT1J6eXpRNzRiZWI4NjROLzROQTJyZGd2aE1mMjNUUk9WdXBaY1M0VFhvalQ3dDRuREpRaE4KZHRNclNXdzYrV3BwMUpDdEgydmNWNWFPeW8rcGpJVDdrZnFmMzJEQmxIQ0hBUVNQdUhlS2RmS0IxM1p1MDVVOQovMW5GYkhITUhva1lxa20yTmFEbHI1bVNORUk4azYzYWphck1ka0xKQWZpMjZ2ckMvMFpabVBSTjBDK29jUUlECkFRQUJvemd3TmpBTUJnTlZIUk1CQWY4RUFqQUFNQTRHQTFVZER3RUIvd1FFQXdJSGdEQVdCZ05WSFNVQkFmOEUKRERBS0JnZ3JCZ0VGQlFjREFqQU5CZ2txaGtpRzl3MEJBUVVGQUFPQ0FRRUFSZ29EbVNiSXlxckZ4dWVKUjNkNgpBeUNjWDdqZi9OWkU3UTQ4Q1lPYTNFVm5MSFUzY0MwaXE4TERubk1KYmNnVkMybEh4QjIwdk5kUDNQUzM4cmR4ClladmVmaVVRMlVYdmwrUWxzTWZGaUg4djlteVpvSWlWaHJ1N3BDZUVYczEyUWlPNWR4NlVvOW51citqekR4cnQKUlVjQ2daZWs5KzBEY2ZWcjFZRWdDcUZqay9ydHk5QU5IWXYvRjU1bjFiY285MGFZZnhtWXJYcll0MWRMYUJnMAo1N2R3VFhER3pkeVVMdDBpU2J5YWZjNnl4SWppVW5TSU9WdU41MnczOThGazhSRXFKbDY4ZmtrUit0U1E5aDMzCndZUXlxdnN0Rm1yOGNuY09NRHBOMDk3ZzBsejRybS93emdxbW9NUDJLUERFeGZpUGFyZC9scTkzUGVTQjl5cVYKMXc9PQotLS0tLUVORCBDRVJUSUZJQ0FURS0tLS0tCg==",
            "public_key_data": null,
            "public_key_type": "TYPE_X509_PEM_FILE",
            "service_account_id": "projects/openenv-zk98r/serviceAccounts/osd-ccs-admin@openenv-zk98r.iam.gserviceaccount.com",
            "valid_after": "2026-03-16T04:54:17Z",
            "valid_before": "9999-12-31T23:59:59Z"
          },
          "sensitive_attributes": [
            [
              {
                "type": "get_attr",
                "value": "private_key"
              }
            ]
          ],
          "private": "bnVsbA==",
          "dependencies": [
            "module.osd.google_service_account.osd_ccs_admin"
          ]
        }
      ]
    },
    {
      "module": "module.osd",
      "mode": "managed",
      "type": "local_file",
      "name": "osd_sa_key",
      "provider": "provider[\"registry.terraform.io/hashicorp/local\"]",
      "instances": [
        {
          "schema_version": 0,
          "attributes": {
            "content": "{\n  \"type\": \"service_account\",\n  \"project_id\": \"openenv-zk98r\",\n  \"private_key_id\": \"faca126247be4a3150646417f5d3fec5daca2bce\",\n  \"private_key\": \"-----BEGIN PRIVATE KEY-----\\nMIIEvgIBADANBgkqhkiG9w0BAQEFAASCBKgwggSkAgEAAoIBAQDZjdO1Y4gIP4Gq\\nQdX6DjQ3WJtx+hYH67x/DLopZmqPobL5oYGjnbokedc6SBrW43IxCW2DReQbNUk/\\nzgIJuMQN6l16bocRvzGde5eZSDatmQA+L+qo4YIZWJcglZi8WQYvYDLSp7IxszGp\\n4PNy6Pjq6cRbkHKbQ0aR1k5HPLNDvht5vzrg3/g0Dat2C+Ex/bdNE5W6llxLhNei\\nNPu3icMlCE120ytJbDr5amnUkK0fa9xXlo7Kj6mMhPuR+p/fYMGUcIcBBI+4d4p1\\n8oHXdm7TlT3/WcVsccweiRiqSbY1oOWvmZI0QjyTrdqNqsx2QskB+Lbq+sL/RlmY\\n9E3QL6hxAgMBAAECggEAR7ldB2vBkOqTDrU23QJqz6ZsVTbcpY7gLcjd5UFJN4JZ\\ndbh7+5vIHzd2MFZOVvNUlfskOkfEDP5T4G/ENz1NkcLnP7KJ4F1295MkJ1pqAHC1\\nZks446W5VS7iYFFBsjLteZgPGWlFM+J+qKGr0YIicpxQatmkFzEmZnVPiGfoOBgs\\nup9TFO8Zhf4Ldy7k5K5s2QVJkKzGjgh9PC9wkcaSPFcYK1cf+nGCy9sFucMJ60YK\\nDYmXVq6iC1X3G04MEsIydYd1w5kJHz3NpXY7/aq81NPRL84yPzcGyHKLg+fon+qz\\nJeken3dFYkmS/yYeDoa3CZmUJaDJSt31NCC846sDKwKBgQD4PHjP2t+EwUmbhcNR\\nyHgNESry+cNXMTh5f+GcJmziWHQFM8YO95R4Ok6NSqQAP75CQd81FVDoHKaCisIw\\nT/nnT9Ypu2Rn6pyi24+c3Iawg6FH8tW1AQ9FaCsuAxMLvnseb648t31UHCJfFLT1\\n3iXBMKZ10PsO+NXZyXJPcXOUNwKBgQDgW7HluiceTKw95TmHnXkcgun2NQKu0F1O\\nvbhFMiiyV9KCZXSEyQTYtv6yKno+DZKtwIgADgBA0v9jUyqIg9QmhVfNmVYMOtku\\nnlnZTg4xisQfnf2S2LGkpz6bozWwIwtqRNnVaAkyjDVxT1kHmNU6qrHLw/mjSaJQ\\nheaoDnCklwKBgG4wUaRaUKuaLPVXHAtahEewnjL6wUYb+CiepmPs/po+j0mb4MfW\\nCFaR8zpurnvZz7eTi+QBUUenKBZ8R5Swe4q8+qDNqNUj5GG6OnZzwWnrFBVe6pQN\\nI104zyn+fV7SL86j3mDfRkemsW8pPuaAtJub39geasMLm8mvzQkMoDRjAoGBAJ/k\\neWoROqO7XN1XqaJetdt96SNQMDNJx9XAG70kvCAtupa3m0yuvkd8UxPCdhAXODug\\nBMyVLdUFCoFM2fkkimNRkHu0FcDth65TqBDYMgFYteEahYbL6/4+Or5MmIyIzS/V\\nFbGjTTq69bNlKzvgzcXbtI5Vgmm+pnDgnLuUXu7NAoGBAKPWfdx6Hog5ddkFI2WC\\nzYgIZtW1YtsOnjvJb5LyadndpKkX5XSMBd6RVOJ9YBsU5yVUFIGGyZhDJ9n4tBlo\\ntF6lhNcsnWAN6XmDcJkzkVkSJHKmBfWaEWlvdWA5phvqVm5p44QPc6ljoW4mKJ7X\\nB87rdJMJSD64TaPTel20pEn1\\n-----END PRIVATE KEY-----\\n\",\n  \"client_email\": \"osd-ccs-admin@openenv-zk98r.iam.gserviceaccount.com\",\n  \"client_id\": \"101325914653765566046\",\n  \"auth_uri\": \"https://accounts.google.com/o/oauth2/auth\",\n  \"token_uri\": \"https://oauth2.googleapis.com/token\",\n  \"auth_provider_x509_cert_url\": \"https://www.googleapis.com/oauth2/v1/certs\",\n  \"client_x509_cert_url\": \"https://www.googleapis.com/robot/v1/metadata/x509/osd-ccs-admin%40openenv-zk98r.iam.gserviceaccount.com\",\n  \"universe_domain\": \"googleapis.com\"\n}\n",
            "content_base64": null,
            "content_base64sha256": "mTJuwUt1V7A+kINtcfDswQl76EoP0aupLuvJsiM12nA=",
            "content_base64sha512": "1fDSRji3d6WqSPM4KCReWw2xD5SQnLYr2aOUceTfdBS00t2bT0ejhCBrwncZkanRyCT1x7t0MDPLIIZgCnEl7w==",
            "content_md5": "80d79a93ff7e6973392ebc3207fc004c",
            "content_sha1": "d19848e3af93d73dca618a2eed31aa31289e48b5",
            "content_sha256": "99326ec14b7557b03e90836d71f0ecc1097be84a0fd1aba92eebc9b22335da70",
            "content_sha512": "d5f0d24638b777a5aa48f33828245e5b0db10f94909cb62bd9a39471e4df7414b4d2dd9b4f47a384206bc2771991a9d1c824f5c7bb743033cb2086600a7125ef",
            "directory_permission": "0777",
            "file_permission": "0600",
            "filename": "osd/osd-ccs-admin-key.json",
            "id": "d19848e3af93d73dca618a2eed31aa31289e48b5",
            "sensitive_content": null,
            "source": null
          },
          "sensitive_attributes": [
            [
              {
                "type": "get_attr",
                "value": "sensitive_content"
              }
            ],
            [
              {
                "type": "get_attr",
                "value": "content"
              }
            ]
          ],
          "dependencies": [
            "module.osd.google_service_account.osd_ccs_admin",
            "module.osd.google_service_account_key.osd_ccs_admin"
          ]
        }
      ]
    },
    {
      "module": "module.osd",
      "mode": "managed",
      "type": "null_resource",
      "name": "osd_cluster",
      "provider": "provider[\"registry.terraform.io/hashicorp/null\"]",
      "instances": [
        {
          "status": "tainted",
          "schema_version": 0,
          "attributes": {
            "id": "4657653846094097364",
            "triggers": {
              "cluster_name": "osd-gcp"
            }
          },
          "sensitive_attributes": [],
          "dependencies": [
            "module.osd.google_project_iam_member.osd_owner",
            "module.osd.google_project_iam_member.osd_service_account_admin",
            "module.osd.google_project_iam_member.osd_service_account_key_admin",
            "module.osd.google_project_iam_member.osd_service_account_user",
            "module.osd.google_project_service.osd_apis",
            "module.osd.google_service_account.osd_ccs_admin",
            "module.osd.google_service_account_key.osd_ccs_admin",
            "module.osd.local_file.osd_sa_key"
          ]
        }
      ]
    }
  ],
  "check_results": null
}
